
Microsoft Visual Studio Solution File, Format Version 12.00
# Visual Studio Version 17
VisualStudioVersion = 17.9.34607.119
MinimumVisualStudioVersion = 10.0.40219.1
Project("{FAE04EC0-301F-11D3-BF4B-00C04F79EFBC}") = "SortVisualer", "SortVisualer\SortVisualer.csproj", "{FEDA1755-80C0-430F-8A93-5B426EF3913D}"
EndProject
Global
	GlobalSection(SolutionConfigurationPlatforms) = preSolution
		Debug|Any CPU = Debug|Any CPU
		Release|Any CPU = Release|Any CPU
	EndGlobalSection
	GlobalSection(ProjectConfigurationPlatforms) = postSolution
		{FEDA1755-80C0-430F-8A93-5B426EF3913D}.Debug|Any CPU.ActiveCfg = Debug|Any CPU
		{FEDA1755-80C0-430F-8A93-5B426EF3913D}.Debug|Any CPU.Build.0 = Debug|Any CPU
		{FEDA1755-80C0-430F-8A93-5B426EF3913D}.Release|Any CPU.ActiveCfg = Release|Any CPU
		{FEDA1755-80C0-430F-8A93-5B426EF3913D}.Release|Any CPU.Build.0 = Release|Any CPU
	EndGlobalSection
	GlobalSection(SolutionProperties) = preSolution
		HideSolutionNode = FALSE
	EndGlobalSection
	GlobalSection(ExtensibilityGlobals) = postSolution
		SolutionGuid = {A4D0BB08-B08F-45AF-A4F8-413F415C9FE8}
	EndGlobalSection
EndGlobal
